
Microsoft Visual Studio Solution File, Format Version 12.00
# Visual Studio 15
VisualStudioVersion = 15.0.28307.1145
MinimumVisualStudioVersion = 10.0.40219.1
Project("{F184B08F-C81C-45F6-A57F-5ABD9991F28F}") = "Functions_With_Parameters_VB", "Functions_With_Parameters_VB\Functions_With_Parameters_VB.vbproj", "{BBF90DC7-732B-403F-AEBA-FA566B32C087}"
EndProject
Global
	GlobalSection(SolutionConfigurationPlatforms) = preSolution
		Debug|Any CPU = Debug|Any CPU
		Release|Any CPU = Release|Any CPU
	EndGlobalSection
	GlobalSection(ProjectConfigurationPlatforms) = postSolution
		{BBF90DC7-732B-403F-AEBA-FA566B32C087}.Debug|Any CPU.ActiveCfg = Debug|Any CPU
		{BBF90DC7-732B-403F-AEBA-FA566B32C087}.Debug|Any CPU.Build.0 = Debug|Any CPU
		{BBF90DC7-732B-403F-AEBA-FA566B32C087}.Release|Any CPU.ActiveCfg = Release|Any CPU
		{BBF90DC7-732B-403F-AEBA-FA566B32C087}.Release|Any CPU.Build.0 = Release|Any CPU
	EndGlobalSection
	GlobalSection(SolutionProperties) = preSolution
		HideSolutionNode = FALSE
	EndGlobalSection
	GlobalSection(ExtensibilityGlobals) = postSolution
		SolutionGuid = {841EAE88-7E15-466F-952D-A897DA4EF858}
	EndGlobalSection
EndGlobal
